<?xml version="1.0" encoding="UTF-8" standalone="yes" ?>
<CodeBlocks_project_file>
	<FileVersion major="1" minor="6" />
	<Project>
		<Option title="SDL Application" />
		<Option pch_mode="0" />
		<Option compiler="gcc" />
		<Build>
			<Target title="default">
				<Option output="MarioSokoban.exe" prefix_auto="0" extension_auto="0" />
				<Option type="0" />
				<Option compiler="gcc" />
				<Option projectResourceIncludeDirsRelation="0" />
				<Compiler>
					<Add directory="C:/SDL/include" />
				</Compiler>
				<Linker>
					<Add library="mingw32" />
					<Add library="SDLmain" />
					<Add library="SDL" />
					<Add library="SDL_image" />
					<Add library="SDL_ttf" />
					<Add directory="C:/SDL/lib" />
				</Linker>
			</Target>
		</Build>
		<VirtualTargets>
			<Add alias="All" targets="default;" />
		</VirtualTargets>
		<Compiler>
			<Add directory="C:/SDL/include" />
		</Compiler>
		<Linker>
			<Add library="mingw32" />
			<Add library="SDLmain" />
			<Add library="SDL" />
			<Add library="SDL_image" />
			<Add library="SDL_ttf" />
			<Add directory="C:/SDL/lib" />
		</Linker>
		<Unit filename="constantes.h" />
		<Unit filename="editeur.c">
			<Option compilerVar="CC" />
		</Unit>
		<Unit filename="editeur.h" />
		<Unit filename="fichiers.c">
			<Option compilerVar="CC" />
		</Unit>
		<Unit filename="fichiers.h" />
		<Unit filename="jeu.c">
			<Option compilerVar="CC" />
		</Unit>
		<Unit filename="jeu.h" />
		<Unit filename="main.c">
			<Option compilerVar="CC" />
		</Unit>
		<Unit filename="ressources.rc">
			<Option compilerVar="WINDRES" />
		</Unit>
		<Extensions>
			<code_completion />
			<envvars />
			<debugger />
		</Extensions>
	</Project>
</CodeBlocks_project_file>
